hash: 158ddf210632acde2823a66c2c6178684d9e6878536c27fc452a7da7ec2524b8
updated: 2017-04-24T11:57:40.681150055-04:00
imports:
- name: github.com/davecgh/go-spew
  version: 346938d642f2ec3594ed81d874461961cd0faa76
  subpackages:
  - spew
- name: github.com/garyburd/redigo
  version: 0d253a66e6e1349f4581d6d2b300ee434ee2da9f
  subpackages:
  - internal
  - redis
- name: github.com/gorilla/websocket
  version: a91eba7f97777409bc2c443f5534d41dd20c5720
- name: github.com/mattn/go-colorable
  version: ded68f7a9561c023e790de24279db7ebf473ea80
- name: github.com/mattn/go-isatty
  version: fc9e8d8ef48496124e79ae0df75490096eccf6fe
- name: github.com/mgutz/ansi
  version: 9520e82c474b0a04dd04f8a40959027271bab992
- name: github.com/unchartedsoftware/plog
  version: 34d2bbd3c0a9458feb0752af2b578a23eb8ddc4f
- name: github.com/unchartedsoftware/veldt
  version: 61e0ffd9b4cdf1a8136188c6ed32dcbea92a1d13
  subpackages:
  - binning
  - generation/elastic
  - generation/rest
  - geometry
  - query
  - store/redis
  - tile
  - util/color
  - util/json
  - util/promise
  - util/queue
- name: github.com/unchartedsoftware/veldt-api
  version: 8ee9bb21845cf49bc1fe33651f7b5cc0fd02d0d5
  subpackages:
  - http
  - middleware
  - util
  - ws
- name: github.com/vova616/xxhash
  version: f0a9a8b74d487f9563a527daf3bd6b4fbd3f5d00
- name: github.com/zenazn/goji
  version: 4d7077956293261309684d3cf1af673f773c6819
  subpackages:
  - graceful
  - graceful/listener
  - web
- name: golang.org/x/net
  version: d212a1ef2de2f5d441c327b8f26cf3ea3ea9f265
  subpackages:
  - context
  - context/ctxhttp
- name: golang.org/x/sys
  version: ea9bcade75cb975a0b9738936568ab388b845617
  subpackages:
  - unix
- name: gopkg.in/olivere/elastic.v3
  version: eb47340e05b08cae24208569de7240fecde96bd2
  subpackages:
  - backoff
  - uritemplates
testImports: []
