hash: 253ec9f3f05d54dc545c8eedc10ecdee30e89c4f8a6093789ff5a578cb246115
updated: 2017-06-21T22:11:08.103726869-04:00
imports:
- name: github.com/davecgh/go-spew
  version: 346938d642f2ec3594ed81d874461961cd0faa76
  subpackages:
  - spew
- name: github.com/garyburd/redigo
  version: 57f1cd7de6175c96b423e7ac2534ff2b39e2ef79
  subpackages:
  - internal
  - redis
- name: github.com/gorilla/websocket
  version: ea4d1f681babbce9545c9c5f3d5194a789c89f5b
- name: github.com/mattn/go-colorable
  version: 941b50ebc6efddf4c41c8e4537a5f68a4e686b24
- name: github.com/mattn/go-isatty
  version: fc9e8d8ef48496124e79ae0df75490096eccf6fe
- name: github.com/mgutz/ansi
  version: 9520e82c474b0a04dd04f8a40959027271bab992
- name: github.com/unchartedsoftware/plog
  version: 34d2bbd3c0a9458feb0752af2b578a23eb8ddc4f
- name: github.com/unchartedsoftware/veldt
  version: f8df4a6cd027bb701621bdc28abe05074f7d76d9
  subpackages:
  - binning
  - generation/elastic
  - generation/rest
  - geometry
  - query
  - store/redis
  - tile
  - util/color
  - util/json
  - util/promise
  - util/queue
- name: github.com/unchartedsoftware/veldt-api
  version: 0d8df4914d3df90561267e6af9f7926d9e4f0bdd
  subpackages:
  - http
  - middleware
  - util
  - ws
- name: github.com/vova616/xxhash
  version: f0a9a8b74d487f9563a527daf3bd6b4fbd3f5d00
- name: github.com/zenazn/goji
  version: 4d7077956293261309684d3cf1af673f773c6819
  subpackages:
  - graceful
  - graceful/listener
  - web
- name: golang.org/x/net
  version: 057a25b06247e0c51ba15d8ae475feb2fcb72164
  subpackages:
  - context
  - context/ctxhttp
- name: golang.org/x/sys
  version: fb4cac33e3196ff7f507ab9b2d2a44b0142f5b5a
  subpackages:
  - unix
- name: gopkg.in/olivere/elastic.v3
  version: 5a75b7d18bca7420e68338600e8c9f611435f911
  subpackages:
  - backoff
  - uritemplates
testImports: []
